
Microsoft Visual Studio Solution File, Format Version 12.00
# Visual Studio Version 16
VisualStudioVersion = 16.0.31005.135
MinimumVisualStudioVersion = 10.0.40219.1
Project("{FAE04EC0-301F-11D3-BF4B-00C04F79EFBC}") = "C sharp Final Assignment", "C sharp Final Assignment\C sharp Final Assignment.csproj", "{EEF7209F-F8CF-45BB-BE78-FE1FD44E38CB}"
EndProject
Global
	GlobalSection(SolutionConfigurationPlatforms) = preSolution
		Debug|Any CPU = Debug|Any CPU
		Release|Any CPU = Release|Any CPU
	EndGlobalSection
	GlobalSection(ProjectConfigurationPlatforms) = postSolution
		{EEF7209F-F8CF-45BB-BE78-FE1FD44E38CB}.Debug|Any CPU.ActiveCfg = Debug|Any CPU
		{EEF7209F-F8CF-45BB-BE78-FE1FD44E38CB}.Debug|Any CPU.Build.0 = Debug|Any CPU
		{EEF7209F-F8CF-45BB-BE78-FE1FD44E38CB}.Release|Any CPU.ActiveCfg = Release|Any CPU
		{EEF7209F-F8CF-45BB-BE78-FE1FD44E38CB}.Release|Any CPU.Build.0 = Release|Any CPU
	EndGlobalSection
	GlobalSection(SolutionProperties) = preSolution
		HideSolutionNode = FALSE
	EndGlobalSection
	GlobalSection(ExtensibilityGlobals) = postSolution
		SolutionGuid = {6F86FC2F-A20D-4301-B1DC-BE327F44BB6B}
	EndGlobalSection
EndGlobal
